// !$*UTF8*$!
{
	archiveVersion = 1;
	classes = {
	};
	objectVersion = 55;
	objects = {

/* Begin PBXBuildFile section */
		B79AE5682AF989DB00F74494 /* main.cpp in Sources */ = {isa = PBXBuildFile; fileRef = B79AE5672AF989DB00F74494 /* main.cpp */; };
		B79AE5732AF98B4B00F74494 /* ShaderProgram.cpp in Sources */ = {isa = PBXBuildFile; fileRef = B79AE5722AF98B4B00F74494 /* ShaderProgram.cpp */; };
		B79AE5762AF9904500F74494 /* OpenGL.framework in Frameworks */ = {isa = PBXBuildFile; fileRef = B79AE5752AF9904500F74494 /* OpenGL.framework */; };
		B79AE5782AF9905000F74494 /* Cocoa.framework in Frameworks */ = {isa = PBXBuildFile; fileRef = B79AE5772AF9905000F74494 /* Cocoa.framework */; };
		B79AE57C2AF990A100F74494 /* SDL2.framework in Frameworks */ = {isa = PBXBuildFile; fileRef = B79AE5792AF990A100F74494 /* SDL2.framework */; };
		B79AE57D2AF990A100F74494 /* SDL2_mixer.framework in Frameworks */ = {isa = PBXBuildFile; fileRef = B79AE57A2AF990A100F74494 /* SDL2_mixer.framework */; };
		B79AE57E2AF990A100F74494 /* SDL2_image.framework in Frameworks */ = {isa = PBXBuildFile; fileRef = B79AE57B2AF990A100F74494 /* SDL2_image.framework */; };
		B79AE57F2AF990E100F74494 /* shaders in CopyFiles */ = {isa = PBXBuildFile; fileRef = B79AE56E2AF98B4800F74494 /* shaders */; };
/* End PBXBuildFile section */

/* Begin PBXCopyFilesBuildPhase section */
		B79AE5622AF989DB00F74494 /* CopyFiles */ = {
			isa = PBXCopyFilesBuildPhase;
			buildActionMask = 2147483647;
			dstPath = "";
			dstSubfolderSpec = 6;
			files = (
				B79AE57F2AF990E100F74494 /* shaders in CopyFiles */,
			);
			runOnlyForDeploymentPostprocessing = 1;
		};
/* End PBXCopyFilesBuildPhase section */

/* Begin PBXFileReference section */
		B79AE5642AF989DB00F74494 /* LunarLander */ = {isa = PBXFileReference; explicitFileType = "compiled.mach-o.executable"; includeInIndex = 0; path = LunarLander; sourceTree = BUILT_PRODUCTS_DIR; };
		B79AE5672AF989DB00F74494 /* main.cpp */ = {isa = PBXFileReference; lastKnownFileType = sourcecode.cpp.cpp; path = main.cpp; sourceTree = "<group>"; };
		B79AE56E2AF98B4800F74494 /* shaders */ = {isa = PBXFileReference; lastKnownFileType = folder; path = shaders; sourceTree = "<group>"; };
		B79AE56F2AF98B4800F74494 /* stb_image.h */ = {isa = PBXFileReference; fileEncoding = 4; lastKnownFileType = sourcecode.c.h; path = stb_image.h; sourceTree = "<group>"; };
		B79AE5702AF98B4800F74494 /* ShaderProgram.h */ = {isa = PBXFileReference; fileEncoding = 4; lastKnownFileType = sourcecode.c.h; path = ShaderProgram.h; sourceTree = "<group>"; };
		B79AE5712AF98B4A00F74494 /* glm */ = {isa = PBXFileReference; lastKnownFileType = folder; path = glm; sourceTree = "<group>"; };
		B79AE5722AF98B4B00F74494 /* ShaderProgram.cpp */ = {isa = PBXFileReference; fileEncoding = 4; lastKnownFileType = sourcecode.cpp.cpp; path = ShaderProgram.cpp; sourceTree = "<group>"; };
		B79AE5752AF9904500F74494 /* OpenGL.framework */ = {isa = PBXFileReference; lastKnownFileType = wrapper.framework; name = OpenGL.framework; path = System/Library/Frameworks/OpenGL.framework; sourceTree = SDKROOT; };
		B79AE5772AF9905000F74494 /* Cocoa.framework */ = {isa = PBXFileReference; lastKnownFileType = wrapper.framework; name = Cocoa.framework; path = System/Library/Frameworks/Cocoa.framework; sourceTree = SDKROOT; };
		B79AE5792AF990A100F74494 /* SDL2.framework */ = {isa = PBXFileReference; lastKnownFileType = wrapper.framework; name = SDL2.framework; path = ../../../../../Library/Frameworks/SDL2.framework; sourceTree = "<group>"; };
		B79AE57A2AF990A100F74494 /* SDL2_mixer.framework */ = {isa = PBXFileReference; lastKnownFileType = wrapper.framework; name = SDL2_mixer.framework; path = ../../../../../Library/Frameworks/SDL2_mixer.framework; sourceTree = "<group>"; };
		B79AE57B2AF990A100F74494 /* SDL2_image.framework */ = {isa = PBXFileReference; lastKnownFileType = wrapper.framework; name = SDL2_image.framework; path = ../../../../../Library/Frameworks/SDL2_image.framework; sourceTree = "<group>"; };
/* End PBXFileReference section */

/* Begin PBXFrameworksBuildPhase section */
		B79AE5612AF989DB00F74494 /* Frameworks */ = {
			isa = PBXFrameworksBuildPhase;
			buildActionMask = 2147483647;
			files = (
				B79AE57C2AF990A100F74494 /* SDL2.framework in Frameworks */,
				B79AE57D2AF990A100F74494 /* SDL2_mixer.framework in Frameworks */,
				B79AE57E2AF990A100F74494 /* SDL2_image.framework in Frameworks */,
				B79AE5782AF9905000F74494 /* Cocoa.framework in Frameworks */,
				B79AE5762AF9904500F74494 /* OpenGL.framework in Frameworks */,
			);
			runOnlyForDeploymentPostprocessing = 0;
		};
/* End PBXFrameworksBuildPhase section */

/* Begin PBXGroup section */
		B79AE55B2AF989DB00F74494 = {
			isa = PBXGroup;
			children = (
				B79AE5662AF989DB00F74494 /* LunarLander */,
				B79AE5652AF989DB00F74494 /* Products */,
				B79AE5742AF9904500F74494 /* Frameworks */,
			);
			sourceTree = "<group>";
		};
		B79AE5652AF989DB00F74494 /* Products */ = {
			isa = PBXGroup;
			children = (
				B79AE5642AF989DB00F74494 /* LunarLander */,
			);
			name = Products;
			sourceTree = "<group>";
		};
		B79AE5662AF989DB00F74494 /* LunarLander */ = {
			isa = PBXGroup;
			children = (
				B79AE5712AF98B4A00F74494 /* glm */,
				B79AE5722AF98B4B00F74494 /* ShaderProgram.cpp */,
				B79AE5702AF98B4800F74494 /* ShaderProgram.h */,
				B79AE56E2AF98B4800F74494 /* shaders */,
				B79AE56F2AF98B4800F74494 /* stb_image.h */,
				B79AE5672AF989DB00F74494 /* main.cpp */,
			);
			path = LunarLander;
			sourceTree = "<group>";
		};
		B79AE5742AF9904500F74494 /* Frameworks */ = {
			isa = PBXGroup;
			children = (
				B79AE57B2AF990A100F74494 /* SDL2_image.framework */,
				B79AE57A2AF990A100F74494 /* SDL2_mixer.framework */,
				B79AE5792AF990A100F74494 /* SDL2.framework */,
				B79AE5772AF9905000F74494 /* Cocoa.framework */,
				B79AE5752AF9904500F74494 /* OpenGL.framework */,
			);
			name = Frameworks;
			sourceTree = "<group>";
		};
/* End PBXGroup section */

/* Begin PBXNativeTarget section */
		B79AE5632AF989DB00F74494 /* LunarLander */ = {
			isa = PBXNativeTarget;
			buildConfigurationList = B79AE56B2AF989DB00F74494 /* Build configuration list for PBXNativeTarget "LunarLander" */;
			buildPhases = (
				B79AE5602AF989DB00F74494 /* Sources */,
				B79AE5612AF989DB00F74494 /* Frameworks */,
				B79AE5622AF989DB00F74494 /* CopyFiles */,
			);
			buildRules = (
			);
			dependencies = (
			);
			name = LunarLander;
			productName = LunarLander;
			productReference = B79AE5642AF989DB00F74494 /* LunarLander */;
			productType = "com.apple.product-type.tool";
		};
/* End PBXNativeTarget section */

/* Begin PBXProject section */
		B79AE55C2AF989DB00F74494 /* Project object */ = {
			isa = PBXProject;
			attributes = {
				BuildIndependentTargetsInParallel = 1;
				LastUpgradeCheck = 1320;
				TargetAttributes = {
					B79AE5632AF989DB00F74494 = {
						CreatedOnToolsVersion = 13.2.1;
					};
				};
			};
			buildConfigurationList = B79AE55F2AF989DB00F74494 /* Build configuration list for PBXProject "LunarLander" */;
			compatibilityVersion = "Xcode 13.0";
			developmentRegion = en;
			hasScannedForEncodings = 0;
			knownRegions = (
				en,
				Base,
			);
			mainGroup = B79AE55B2AF989DB00F74494;
			productRefGroup = B79AE5652AF989DB00F74494 /* Products */;
			projectDirPath = "";
			projectRoot = "";
			targets = (
				B79AE5632AF989DB00F74494 /* LunarLander */,
			);
		};
/* End PBXProject section */

/* Begin PBXSourcesBuildPhase section */
		B79AE5602AF989DB00F74494 /* Sources */ = {
			isa = PBXSourcesBuildPhase;
			buildActionMask = 2147483647;
			files = (
				B79AE5682AF989DB00F74494 /* main.cpp in Sources */,
				B79AE5732AF98B4B00F74494 /* ShaderProgram.cpp in Sources */,
			);
			runOnlyForDeploymentPostprocessing = 0;
		};
/* End PBXSourcesBuildPhase section */

/* Begin XCBuildConfiguration section */
		B79AE5692AF989DB00F74494 /* Debug */ = {
			isa = XCBuildConfiguration;
			buildSettings = {
				ALWAYS_SEARCH_USER_PATHS = NO;
				CLANG_ANALYZER_NONNULL = YES;
				CLANG_ANALYZER_NUMBER_OBJECT_CONVERSION = YES_AGGRESSIVE;
				CLANG_CXX_LANGUAGE_STANDARD = "gnu++17";
				CLANG_CXX_LIBRARY = "libc++";
				CLANG_ENABLE_MODULES = YES;
				CLANG_ENABLE_OBJC_ARC = YES;
				CLANG_ENABLE_OBJC_WEAK = YES;
				CLANG_WARN_BLOCK_CAPTURE_AUTORELEASING = YES;
				CLANG_WARN_BOOL_CONVERSION = YES;
				CLANG_WARN_COMMA = YES;
				CLANG_WARN_CONSTANT_CONVERSION = YES;
				CLANG_WARN_DEPRECATED_OBJC_IMPLEMENTATIONS = YES;
				CLANG_WARN_DIRECT_OBJC_ISA_USAGE = YES_ERROR;
				CLANG_WARN_DOCUMENTATION_COMMENTS = YES;
				CLANG_WARN_EMPTY_BODY = YES;
				CLANG_WARN_ENUM_CONVERSION = YES;
				CLANG_WARN_INFINITE_RECURSION = YES;
				CLANG_WARN_INT_CONVERSION = YES;
				CLANG_WARN_NON_LITERAL_NULL_CONVERSION = YES;
				CLANG_WARN_OBJC_IMPLICIT_RETAIN_SELF = YES;
				CLANG_WARN_OBJC_LITERAL_CONVERSION = YES;
				CLANG_WARN_OBJC_ROOT_CLASS = YES_ERROR;
				CLANG_WARN_QUOTED_INCLUDE_IN_FRAMEWORK_HEADER = YES;
				CLANG_WARN_RANGE_LOOP_ANALYSIS = YES;
				CLANG_WARN_STRICT_PROTOTYPES = YES;
				CLANG_WARN_SUSPICIOUS_MOVE = YES;
				CLANG_WARN_UNGUARDED_AVAILABILITY = YES_AGGRESSIVE;
				CLANG_WARN_UNREACHABLE_CODE = YES;
				CLANG_WARN__DUPLICATE_METHOD_MATCH = YES;
				COPY_PHASE_STRIP = NO;
				DEBUG_INFORMATION_FORMAT = dwarf;
				ENABLE_STRICT_OBJC_MSGSEND = YES;
				ENABLE_TESTABILITY = YES;
				GCC_C_LANGUAGE_STANDARD = gnu11;
				GCC_DYNAMIC_NO_PIC = NO;
				GCC_NO_COMMON_BLOCKS = YES;
				GCC_OPTIMIZATION_LEVEL = 0;
				GCC_PREPROCESSOR_DEFINITIONS = (
					"DEBUG=1",
					"$(inherited)",
				);
				GCC_WARN_64_TO_32_BIT_CONVERSION = YES;
				GCC_WARN_ABOUT_RETURN_TYPE = YES_ERROR;
				GCC_WARN_UNDECLARED_SELECTOR = YES;
				GCC_WARN_UNINITIALIZED_AUTOS = YES_AGGRESSIVE;
				GCC_WARN_UNUSED_FUNCTION = YES;
				GCC_WARN_UNUSED_VARIABLE = YES;
				MACOSX_DEPLOYMENT_TARGET = 12.1;
				MTL_ENABLE_DEBUG_INFO = INCLUDE_SOURCE;
				MTL_FAST_MATH = YES;
				ONLY_ACTIVE_ARCH = YES;
				SDKROOT = macosx;
			};
			name = Debug;
		};
		B79AE56A2AF989DB00F74494 /* Release */ = {
			isa = XCBuildConfiguration;
			buildSettings = {
				ALWAYS_SEARCH_USER_PATHS = NO;
				CLANG_ANALYZER_NONNULL = YES;
				CLANG_ANALYZER_NUMBER_OBJECT_CONVERSION = YES_AGGRESSIVE;
				CLANG_CXX_LANGUAGE_STANDARD = "gnu++17";
				CLANG_CXX_LIBRARY = "libc++";
				CLANG_ENABLE_MODULES = YES;
				CLANG_ENABLE_OBJC_ARC = YES;
				CLANG_ENABLE_OBJC_WEAK = YES;
				CLANG_WARN_BLOCK_CAPTURE_AUTORELEASING = YES;
				CLANG_WARN_BOOL_CONVERSION = YES;
				CLANG_WARN_COMMA = YES;
				CLANG_WARN_CONSTANT_CONVERSION = YES;
				CLANG_WARN_DEPRECATED_OBJC_IMPLEMENTATIONS = YES;
				CLANG_WARN_DIRECT_OBJC_ISA_USAGE = YES_ERROR;
				CLANG_WARN_DOCUMENTATION_COMMENTS = YES;
				CLANG_WARN_EMPTY_BODY = YES;
				CLANG_WARN_ENUM_CONVERSION = YES;
				CLANG_WARN_INFINITE_RECURSION = YES;
				CLANG_WARN_INT_CONVERSION = YES;
				CLANG_WARN_NON_LITERAL_NULL_CONVERSION = YES;
				CLANG_WARN_OBJC_IMPLICIT_RETAIN_SELF = YES;
				CLANG_WARN_OBJC_LITERAL_CONVERSION = YES;
				CLANG_WARN_OBJC_ROOT_CLASS = YES_ERROR;
				CLANG_WARN_QUOTED_INCLUDE_IN_FRAMEWORK_HEADER = YES;
				CLANG_WARN_RANGE_LOOP_ANALYSIS = YES;
				CLANG_WARN_STRICT_PROTOTYPES = YES;
				CLANG_WARN_SUSPICIOUS_MOVE = YES;
				CLANG_WARN_UNGUARDED_AVAILABILITY = YES_AGGRESSIVE;
				CLANG_WARN_UNREACHABLE_CODE = YES;
				CLANG_WARN__DUPLICATE_METHOD_MATCH = YES;
				COPY_PHASE_STRIP = NO;
				DEBUG_INFORMATION_FORMAT = "dwarf-with-dsym";
				ENABLE_NS_ASSERTIONS = NO;
				ENABLE_STRICT_OBJC_MSGSEND = YES;
				GCC_C_LANGUAGE_STANDARD = gnu11;
				GCC_NO_COMMON_BLOCKS = YES;
				GCC_WARN_64_TO_32_BIT_CONVERSION = YES;
				GCC_WARN_ABOUT_RETURN_TYPE = YES_ERROR;
				GCC_WARN_UNDECLARED_SELECTOR = YES;
				GCC_WARN_UNINITIALIZED_AUTOS = YES_AGGRESSIVE;
				GCC_WARN_UNUSED_FUNCTION = YES;
				GCC_WARN_UNUSED_VARIABLE = YES;
				MACOSX_DEPLOYMENT_TARGET = 12.1;
				MTL_ENABLE_DEBUG_INFO = NO;
				MTL_FAST_MATH = YES;
				SDKROOT = macosx;
			};
			name = Release;
		};
		B79AE56C2AF989DB00F74494 /* Debug */ = {
			isa = XCBuildConfiguration;
			buildSettings = {
				CODE_SIGN_STYLE = Automatic;
				FRAMEWORK_SEARCH_PATHS = (
					"$(inherited)",
					"$(LOCAL_LIBRARY_DIR)/Frameworks",
				);
				HEADER_SEARCH_PATHS = (
					/Library/Frameworks/SDL2_image.framework/Versions/A/Headers,
					/Library/Frameworks/SDL2.framework/Versions/A/Headers,
				);
				PRODUCT_NAME = "$(TARGET_NAME)";
			};
			name = Debug;
		};
		B79AE56D2AF989DB00F74494 /* Release */ = {
			isa = XCBuildConfiguration;
			buildSettings = {
				CODE_SIGN_STYLE = Automatic;
				FRAMEWORK_SEARCH_PATHS = (
					"$(inherited)",
					"$(LOCAL_LIBRARY_DIR)/Frameworks",
				);
				HEADER_SEARCH_PATHS = (
					/Library/Frameworks/SDL2_image.framework/Versions/A/Headers,
					/Library/Frameworks/SDL2.framework/Versions/A/Headers,
				);
				PRODUCT_NAME = "$(TARGET_NAME)";
			};
			name = Release;
		};
/* End XCBuildConfiguration section */

/* Begin XCConfigurationList section */
		B79AE55F2AF989DB00F74494 /* Build configuration list for PBXProject "LunarLander" */ = {
			isa = XCConfigurationList;
			buildConfigurations = (
				B79AE5692AF989DB00F74494 /* Debug */,
				B79AE56A2AF989DB00F74494 /* Release */,
			);
			defaultConfigurationIsVisible = 0;
			defaultConfigurationName = Release;
		};
		B79AE56B2AF989DB00F74494 /* Build configuration list for PBXNativeTarget "LunarLander" */ = {
			isa = XCConfigurationList;
			buildConfigurations = (
				B79AE56C2AF989DB00F74494 /* Debug */,
				B79AE56D2AF989DB00F74494 /* Release */,
			);
			defaultConfigurationIsVisible = 0;
			defaultConfigurationName = Release;
		};
/* End XCConfigurationList section */
	};
	rootObject = B79AE55C2AF989DB00F74494 /* Project object */;
}
